// !$*UTF8*$!
{
	archiveVersion = 1;
	classes = {
	};
	objectVersion = 50;
	objects = {

/* Begin PBXBuildFile section */
		D64514DA22BA849D0081BD7E /* AppDelegate.swift in Sources */ = {isa = PBXBuildFile; fileRef = D64514D922BA849D0081BD7E /* AppDelegate.swift */; };
		D64514DC22BA849D0081BD7E /* ViewController.swift in Sources */ = {isa = PBXBuildFile; fileRef = D64514DB22BA849D0081BD7E /* ViewController.swift */; };
		D64514DF22BA849D0081BD7E /* Main.storyboard in Resources */ = {isa = PBXBuildFile; fileRef = D64514DD22BA849D0081BD7E /* Main.storyboard */; };
		D64514E122BA849E0081BD7E /* Assets.xcassets in Resources */ = {isa = PBXBuildFile; fileRef = D64514E022BA849E0081BD7E /* Assets.xcassets */; };
		D64514E422BA849F0081BD7E /* LaunchScreen.storyboard in Resources */ = {isa = PBXBuildFile; fileRef = D64514E222BA849E0081BD7E /* LaunchScreen.storyboard */; };
		D64514ED22BA93DB0081BD7E /* login.storyboard in Resources */ = {isa = PBXBuildFile; fileRef = D64514EB22BA93DB0081BD7E /* login.storyboard */; };
		D64514EF22BA93F70081BD7E /* tabBar.storyboard in Resources */ = {isa = PBXBuildFile; fileRef = D64514EE22BA93F70081BD7E /* tabBar.storyboard */; };
		D64514F222BA94180081BD7E /* aboutPage.storyboard in Resources */ = {isa = PBXBuildFile; fileRef = D64514F022BA94180081BD7E /* aboutPage.storyboard */; };
/* End PBXBuildFile section */

/* Begin PBXFileReference section */
		D64514D622BA849D0081BD7E /* MaverickFoodPantry.app */ = {isa = PBXFileReference; explicitFileType = wrapper.application; includeInIndex = 0; path = MaverickFoodPantry.app; sourceTree = BUILT_PRODUCTS_DIR; };
		D64514D922BA849D0081BD7E /* AppDelegate.swift */ = {isa = PBXFileReference; lastKnownFileType = sourcecode.swift; path = AppDelegate.swift; sourceTree = "<group>"; };
		D64514DB22BA849D0081BD7E /* ViewController.swift */ = {isa = PBXFileReference; lastKnownFileType = sourcecode.swift; path = ViewController.swift; sourceTree = "<group>"; };
		D64514DE22BA849D0081BD7E /* Base */ = {isa = PBXFileReference; lastKnownFileType = file.storyboard; name = Base; path = Base.lproj/Main.storyboard; sourceTree = "<group>"; };
		D64514E022BA849E0081BD7E /* Assets.xcassets */ = {isa = PBXFileReference; lastKnownFileType = folder.assetcatalog; path = Assets.xcassets; sourceTree = "<group>"; };
		D64514E322BA849E0081BD7E /* Base */ = {isa = PBXFileReference; lastKnownFileType = file.storyboard; name = Base; path = Base.lproj/LaunchScreen.storyboard; sourceTree = "<group>"; };
		D64514E522BA849F0081BD7E /* Info.plist */ = {isa = PBXFileReference; lastKnownFileType = text.plist.xml; path = Info.plist; sourceTree = "<group>"; };
		D64514EC22BA93DB0081BD7E /* Base */ = {isa = PBXFileReference; lastKnownFileType = file.storyboard; name = Base; path = MaverickFoodPantry/Base.lproj/login.storyboard; sourceTree = "<group>"; };
		D64514EE22BA93F70081BD7E /* tabBar.storyboard */ = {isa = PBXFileReference; fileEncoding = 4; lastKnownFileType = file.storyboard; path = tabBar.storyboard; sourceTree = "<group>"; };
		D64514F122BA94180081BD7E /* Base */ = {isa = PBXFileReference; lastKnownFileType = file.storyboard; name = Base; path = MaverickFoodPantry/Base.lproj/aboutPage.storyboard; sourceTree = "<group>"; };
/* End PBXFileReference section */

/* Begin PBXFrameworksBuildPhase section */
		D64514D322BA849D0081BD7E /* Frameworks */ = {
			isa = PBXFrameworksBuildPhase;
			buildActionMask = 2147483647;
			files = (
			);
			runOnlyForDeploymentPostprocessing = 0;
		};
/* End PBXFrameworksBuildPhase section */

/* Begin PBXGroup section */
		D64514CD22BA849D0081BD7E = {
			isa = PBXGroup;
			children = (
				D64514EB22BA93DB0081BD7E /* login.storyboard */,
				D64514EE22BA93F70081BD7E /* tabBar.storyboard */,
				D64514F022BA94180081BD7E /* aboutPage.storyboard */,
				D64514D822BA849D0081BD7E /* MaverickFoodPantry */,
				D64514D722BA849D0081BD7E /* Products */,
			);
			sourceTree = "<group>";
		};
		D64514D722BA849D0081BD7E /* Products */ = {
			isa = PBXGroup;
			children = (
				D64514D622BA849D0081BD7E /* MaverickFoodPantry.app */,
			);
			name = Products;
			sourceTree = "<group>";
		};
		D64514D822BA849D0081BD7E /* MaverickFoodPantry */ = {
			isa = PBXGroup;
			children = (
				D64514D922BA849D0081BD7E /* AppDelegate.swift */,
				D64514DB22BA849D0081BD7E /* ViewController.swift */,
				D64514DD22BA849D0081BD7E /* Main.storyboard */,
				D64514E022BA849E0081BD7E /* Assets.xcassets */,
				D64514E222BA849E0081BD7E /* LaunchScreen.storyboard */,
				D64514E522BA849F0081BD7E /* Info.plist */,
			);
			path = MaverickFoodPantry;
			sourceTree = "<group>";
		};
/* End PBXGroup section */

/* Begin PBXNativeTarget section */
		D64514D522BA849D0081BD7E /* MaverickFoodPantry */ = {
			isa = PBXNativeTarget;
			buildConfigurationList = D64514E822BA849F0081BD7E /* Build configuration list for PBXNativeTarget "MaverickFoodPantry" */;
			buildPhases = (
				D64514D222BA849D0081BD7E /* Sources */,
				D64514D322BA849D0081BD7E /* Frameworks */,
				D64514D422BA849D0081BD7E /* Resources */,
			);
			buildRules = (
			);
			dependencies = (
			);
			name = MaverickFoodPantry;
			productName = MaverickFoodPantry;
			productReference = D64514D622BA849D0081BD7E /* MaverickFoodPantry.app */;
			productType = "com.apple.product-type.application";
		};
/* End PBXNativeTarget section */

/* Begin PBXProject section */
		D64514CE22BA849D0081BD7E /* Project object */ = {
			isa = PBXProject;
			attributes = {
				LastSwiftUpdateCheck = 1020;
				LastUpgradeCheck = 1020;
				ORGANIZATIONNAME = "Joseph Barkley";
				TargetAttributes = {
					D64514D522BA849D0081BD7E = {
						CreatedOnToolsVersion = 10.2.1;
					};
				};
			};
			buildConfigurationList = D64514D122BA849D0081BD7E /* Build configuration list for PBXProject "MaverickFoodPantry" */;
			compatibilityVersion = "Xcode 9.3";
			developmentRegion = en;
			hasScannedForEncodings = 0;
			knownRegions = (
				en,
				Base,
			);
			mainGroup = D64514CD22BA849D0081BD7E;
			productRefGroup = D64514D722BA849D0081BD7E /* Products */;
			projectDirPath = "";
			projectRoot = "";
			targets = (
				D64514D522BA849D0081BD7E /* MaverickFoodPantry */,
			);
		};
/* End PBXProject section */

/* Begin PBXResourcesBuildPhase section */
		D64514D422BA849D0081BD7E /* Resources */ = {
			isa = PBXResourcesBuildPhase;
			buildActionMask = 2147483647;
			files = (
				D64514EF22BA93F70081BD7E /* tabBar.storyboard in Resources */,
				D64514ED22BA93DB0081BD7E /* login.storyboard in Resources */,
				D64514E422BA849F0081BD7E /* LaunchScreen.storyboard in Resources */,
				D64514E122BA849E0081BD7E /* Assets.xcassets in Resources */,
				D64514DF22BA849D0081BD7E /* Main.storyboard in Resources */,
				D64514F222BA94180081BD7E /* aboutPage.storyboard in Resources */,
			);
			runOnlyForDeploymentPostprocessing = 0;
		};
/* End PBXResourcesBuildPhase section */

/* Begin PBXSourcesBuildPhase section */
		D64514D222BA849D0081BD7E /* Sources */ = {
			isa = PBXSourcesBuildPhase;
			buildActionMask = 2147483647;
			files = (
				D64514DC22BA849D0081BD7E /* ViewController.swift in Sources */,
				D64514DA22BA849D0081BD7E /* AppDelegate.swift in Sources */,
			);
			runOnlyForDeploymentPostprocessing = 0;
		};
/* End PBXSourcesBuildPhase section */

/* Begin PBXVariantGroup section */
		D64514DD22BA849D0081BD7E /* Main.storyboard */ = {
			isa = PBXVariantGroup;
			children = (
				D64514DE22BA849D0081BD7E /* Base */,
			);
			name = Main.storyboard;
			sourceTree = "<group>";
		};
		D64514E222BA849E0081BD7E /* LaunchScreen.storyboard */ = {
			isa = PBXVariantGroup;
			children = (
				D64514E322BA849E0081BD7E /* Base */,
			);
			name = LaunchScreen.storyboard;
			sourceTree = "<group>";
		};
		D64514EB22BA93DB0081BD7E /* login.storyboard */ = {
			isa = PBXVariantGroup;
			children = (
				D64514EC22BA93DB0081BD7E /* Base */,
			);
			name = login.storyboard;
			sourceTree = "<group>";
		};
		D64514F022BA94180081BD7E /* aboutPage.storyboard */ = {
			isa = PBXVariantGroup;
			children = (
				D64514F122BA94180081BD7E /* Base */,
			);
			name = aboutPage.storyboard;
			sourceTree = "<group>";
		};
/* End PBXVariantGroup section */

/* Begin XCBuildConfiguration section */
		D64514E622BA849F0081BD7E /* Debug */ = {
			isa = XCBuildConfiguration;
			buildSettings = {
				ALWAYS_SEARCH_USER_PATHS = NO;
				CLANG_ANALYZER_NONNULL = YES;
				CLANG_ANALYZER_NUMBER_OBJECT_CONVERSION = YES_AGGRESSIVE;
				CLANG_CXX_LANGUAGE_STANDARD = "gnu++14";
				CLANG_CXX_LIBRARY = "libc++";
				CLANG_ENABLE_MODULES = YES;
				CLANG_ENABLE_OBJC_ARC = YES;
				CLANG_ENABLE_OBJC_WEAK = YES;
				CLANG_WARN_BLOCK_CAPTURE_AUTORELEASING = YES;
				CLANG_WARN_BOOL_CONVERSION = YES;
				CLANG_WARN_COMMA = YES;
				CLANG_WARN_CONSTANT_CONVERSION = YES;
				CLANG_WARN_DEPRECATED_OBJC_IMPLEMENTATIONS = YES;
				CLANG_WARN_DIRECT_OBJC_ISA_USAGE = YES_ERROR;
				CLANG_WARN_DOCUMENTATION_COMMENTS = YES;
				CLANG_WARN_EMPTY_BODY = YES;
				CLANG_WARN_ENUM_CONVERSION = YES;
				CLANG_WARN_INFINITE_RECURSION = YES;
				CLANG_WARN_INT_CONVERSION = YES;
				CLANG_WARN_NON_LITERAL_NULL_CONVERSION = YES;
				CLANG_WARN_OBJC_IMPLICIT_RETAIN_SELF = YES;
				CLANG_WARN_OBJC_LITERAL_CONVERSION = YES;
				CLANG_WARN_OBJC_ROOT_CLASS = YES_ERROR;
				CLANG_WARN_RANGE_LOOP_ANALYSIS = YES;
				CLANG_WARN_STRICT_PROTOTYPES = YES;
				CLANG_WARN_SUSPICIOUS_MOVE = YES;
				CLANG_WARN_UNGUARDED_AVAILABILITY = YES_AGGRESSIVE;
				CLANG_WARN_UNREACHABLE_CODE = YES;
				CLANG_WARN__DUPLICATE_METHOD_MATCH = YES;
				CODE_SIGN_IDENTITY = "iPhone Developer";
				COPY_PHASE_STRIP = NO;
				DEBUG_INFORMATION_FORMAT = dwarf;
				ENABLE_STRICT_OBJC_MSGSEND = YES;
				ENABLE_TESTABILITY = YES;
				GCC_C_LANGUAGE_STANDARD = gnu11;
				GCC_DYNAMIC_NO_PIC = NO;
				GCC_NO_COMMON_BLOCKS = YES;
				GCC_OPTIMIZATION_LEVEL = 0;
				GCC_PREPROCESSOR_DEFINITIONS = (
					"DEBUG=1",
					"$(inherited)",
				);
				GCC_WARN_64_TO_32_BIT_CONVERSION = YES;
				GCC_WARN_ABOUT_RETURN_TYPE = YES_ERROR;
				GCC_WARN_UNDECLARED_SELECTOR = YES;
				GCC_WARN_UNINITIALIZED_AUTOS = YES_AGGRESSIVE;
				GCC_WARN_UNUSED_FUNCTION = YES;
				GCC_WARN_UNUSED_VARIABLE = YES;
				IPHONEOS_DEPLOYMENT_TARGET = 12.2;
				MTL_ENABLE_DEBUG_INFO = INCLUDE_SOURCE;
				MTL_FAST_MATH = YES;
				ONLY_ACTIVE_ARCH = YES;
				SDKROOT = iphoneos;
				SWIFT_ACTIVE_COMPILATION_CONDITIONS = DEBUG;
				SWIFT_OPTIMIZATION_LEVEL = "-Onone";
			};
			name = Debug;
		};
		D64514E722BA849F0081BD7E /* Release */ = {
			isa = XCBuildConfiguration;
			buildSettings = {
				ALWAYS_SEARCH_USER_PATHS = NO;
				CLANG_ANALYZER_NONNULL = YES;
				CLANG_ANALYZER_NUMBER_OBJECT_CONVERSION = YES_AGGRESSIVE;
				CLANG_CXX_LANGUAGE_STANDARD = "gnu++14";
				CLANG_CXX_LIBRARY = "libc++";
				CLANG_ENABLE_MODULES = YES;
				CLANG_ENABLE_OBJC_ARC = YES;
				CLANG_ENABLE_OBJC_WEAK = YES;
				CLANG_WARN_BLOCK_CAPTURE_AUTORELEASING = YES;
				CLANG_WARN_BOOL_CONVERSION = YES;
				CLANG_WARN_COMMA = YES;
				CLANG_WARN_CONSTANT_CONVERSION = YES;
				CLANG_WARN_DEPRECATED_OBJC_IMPLEMENTATIONS = YES;
				CLANG_WARN_DIRECT_OBJC_ISA_USAGE = YES_ERROR;
				CLANG_WARN_DOCUMENTATION_COMMENTS = YES;
				CLANG_WARN_EMPTY_BODY = YES;
				CLANG_WARN_ENUM_CONVERSION = YES;
				CLANG_WARN_INFINITE_RECURSION = YES;
				CLANG_WARN_INT_CONVERSION = YES;
				CLANG_WARN_NON_LITERAL_NULL_CONVERSION = YES;
				CLANG_WARN_OBJC_IMPLICIT_RETAIN_SELF = YES;
				CLANG_WARN_OBJC_LITERAL_CONVERSION = YES;
				CLANG_WARN_OBJC_ROOT_CLASS = YES_ERROR;
				CLANG_WARN_RANGE_LOOP_ANALYSIS = YES;
				CLANG_WARN_STRICT_PROTOTYPES = YES;
				CLANG_WARN_SUSPICIOUS_MOVE = YES;
				CLANG_WARN_UNGUARDED_AVAILABILITY = YES_AGGRESSIVE;
				CLANG_WARN_UNREACHABLE_CODE = YES;
				CLANG_WARN__DUPLICATE_METHOD_MATCH = YES;
				CODE_SIGN_IDENTITY = "iPhone Developer";
				COPY_PHASE_STRIP = NO;
				DEBUG_INFORMATION_FORMAT = "dwarf-with-dsym";
				ENABLE_NS_ASSERTIONS = NO;
				ENABLE_STRICT_OBJC_MSGSEND = YES;
				GCC_C_LANGUAGE_STANDARD = gnu11;
				GCC_NO_COMMON_BLOCKS = YES;
				GCC_WARN_64_TO_32_BIT_CONVERSION = YES;
				GCC_WARN_ABOUT_RETURN_TYPE = YES_ERROR;
				GCC_WARN_UNDECLARED_SELECTOR = YES;
				GCC_WARN_UNINITIALIZED_AUTOS = YES_AGGRESSIVE;
				GCC_WARN_UNUSED_FUNCTION = YES;
				GCC_WARN_UNUSED_VARIABLE = YES;
				IPHONEOS_DEPLOYMENT_TARGET = 12.2;
				MTL_ENABLE_DEBUG_INFO = NO;
				MTL_FAST_MATH = YES;
				SDKROOT = iphoneos;
				SWIFT_COMPILATION_MODE = wholemodule;
				SWIFT_OPTIMIZATION_LEVEL = "-O";
				VALIDATE_PRODUCT = YES;
			};
			name = Release;
		};
		D64514E922BA849F0081BD7E /* Debug */ = {
			isa = XCBuildConfiguration;
			buildSettings = {
				ASSETCATALOG_COMPILER_APPICON_NAME = AppIcon;
				CODE_SIGN_STYLE = Automatic;
				DEVELOPMENT_TEAM = 9SL93S2M8H;
				INFOPLIST_FILE = MaverickFoodPantry/Info.plist;
				LD_RUNPATH_SEARCH_PATHS = (
					"$(inherited)",
					"@executable_path/Frameworks",
				);
				PRODUCT_BUNDLE_IDENTIFIER = "Organization-Identifier.MaverickFoodPantry";
				PRODUCT_NAME = "$(TARGET_NAME)";
				SWIFT_VERSION = 5.0;
				TARGETED_DEVICE_FAMILY = "1,2";
			};
			name = Debug;
		};
		D64514EA22BA849F0081BD7E /* Release */ = {
			isa = XCBuildConfiguration;
			buildSettings = {
				ASSETCATALOG_COMPILER_APPICON_NAME = AppIcon;
				CODE_SIGN_STYLE = Automatic;
				DEVELOPMENT_TEAM = 9SL93S2M8H;
				INFOPLIST_FILE = MaverickFoodPantry/Info.plist;
				LD_RUNPATH_SEARCH_PATHS = (
					"$(inherited)",
					"@executable_path/Frameworks",
				);
				PRODUCT_BUNDLE_IDENTIFIER = "Organization-Identifier.MaverickFoodPantry";
				PRODUCT_NAME = "$(TARGET_NAME)";
				SWIFT_VERSION = 5.0;
				TARGETED_DEVICE_FAMILY = "1,2";
			};
			name = Release;
		};
/* End XCBuildConfiguration section */

/* Begin XCConfigurationList section */
		D64514D122BA849D0081BD7E /* Build configuration list for PBXProject "MaverickFoodPantry" */ = {
			isa = XCConfigurationList;
			buildConfigurations = (
				D64514E622BA849F0081BD7E /* Debug */,
				D64514E722BA849F0081BD7E /* Release */,
			);
			defaultConfigurationIsVisible = 0;
			defaultConfigurationName = Release;
		};
		D64514E822BA849F0081BD7E /* Build configuration list for PBXNativeTarget "MaverickFoodPantry" */ = {
			isa = XCConfigurationList;
			buildConfigurations = (
				D64514E922BA849F0081BD7E /* Debug */,
				D64514EA22BA849F0081BD7E /* Release */,
			);
			defaultConfigurationIsVisible = 0;
			defaultConfigurationName = Release;
		};
/* End XCConfigurationList section */
	};
	rootObject = D64514CE22BA849D0081BD7E /* Project object */;
}
